PODS:
  - WIKit (0.1.2):
    - WIKit/Utility (= 0.1.2)
    - WIKit/WICore (= 0.1.2)
  - WIKit/Utility (0.1.2)
  - WIKit/WICore (0.1.2)

DEPENDENCIES:
  - WIKit (from `../`)

EXTERNAL SOURCES:
  WIKit:
    :path: "../"

SPEC CHECKSUMS:
  WIKit: 4dfc618f8373c37f8fa66f3c6f64245167dc68c7

PODFILE CHECKSUM: a29a05ce4f787ba9665d1dc740db8e054325fbf2

COCOAPODS: 1.10.1
