PODS:
  - WIKit (0.1.1):
    - WIKit/Utility (= 0.1.1)
    - WIKit/WICore (= 0.1.1)
    - WIKit/WIUI (= 0.1.1)
  - WIKit/Utility (0.1.1)
  - WIKit/WICore (0.1.1)
  - WIKit/WIUI (0.1.1):
    - WIKit/WICore

DEPENDENCIES:
  - WIKit (from `../`)

EXTERNAL SOURCES:
  WIKit:
    :path: "../"

SPEC CHECKSUMS:
  WIKit: 332b99a86568f0c94c10e4252f09b884c129c1b0

PODFILE CHECKSUM: 318c0d712401331c9ed2fb929f559036a8ebfcbb

COCOAPODS: 1.10.1
